
Microsoft Visual Studio Solution File, Format Version 12.00
# Visual Studio 15
Project("{FAE04EC0-301F-11D3-BF4B-00C04F79EFBC}") = "NavMeshComponentsEditor", "NavMeshComponentsEditor.csproj", "{28DC19C6-DBAD-1DA5-D198-0C379A13E7AE}"
EndProject
Project("{FAE04EC0-301F-11D3-BF4B-00C04F79EFBC}") = "NavMeshComponents", "NavMeshComponents.csproj", "{798CBFD0-E233-8CD3-E6AC-C70085B40C8B}"
EndProject
Project("{FAE04EC0-301F-11D3-BF4B-00C04F79EFBC}") = "Assembly-CSharp", "Assembly-CSharp.csproj", "{5C59789D-9F29-93EE-F676-CFABEAA6DD3A}"
EndProject
Global
	GlobalSection(SolutionConfigurationPlatforms) = preSolution
		Debug|Any CPU = Debug|Any CPU
		Release|Any CPU = Release|Any CPU
	EndGlobalSection
	GlobalSection(ProjectConfigurationPlatforms) = postSolution
		{28DC19C6-DBAD-1DA5-D198-0C379A13E7AE}.Debug|Any CPU.ActiveCfg = Debug|Any CPU
		{28DC19C6-DBAD-1DA5-D198-0C379A13E7AE}.Debug|Any CPU.Build.0 = Debug|Any CPU
		{28DC19C6-DBAD-1DA5-D198-0C379A13E7AE}.Release|Any CPU.ActiveCfg = Release|Any CPU
		{28DC19C6-DBAD-1DA5-D198-0C379A13E7AE}.Release|Any CPU.Build.0 = Release|Any CPU
		{798CBFD0-E233-8CD3-E6AC-C70085B40C8B}.Debug|Any CPU.ActiveCfg = Debug|Any CPU
		{798CBFD0-E233-8CD3-E6AC-C70085B40C8B}.Debug|Any CPU.Build.0 = Debug|Any CPU
		{798CBFD0-E233-8CD3-E6AC-C70085B40C8B}.Release|Any CPU.ActiveCfg = Release|Any CPU
		{798CBFD0-E233-8CD3-E6AC-C70085B40C8B}.Release|Any CPU.Build.0 = Release|Any CPU
		{5C59789D-9F29-93EE-F676-CFABEAA6DD3A}.Debug|Any CPU.ActiveCfg = Debug|Any CPU
		{5C59789D-9F29-93EE-F676-CFABEAA6DD3A}.Debug|Any CPU.Build.0 = Debug|Any CPU
		{5C59789D-9F29-93EE-F676-CFABEAA6DD3A}.Release|Any CPU.ActiveCfg = Release|Any CPU
		{5C59789D-9F29-93EE-F676-CFABEAA6DD3A}.Release|Any CPU.Build.0 = Release|Any CPU
	EndGlobalSection
	GlobalSection(SolutionProperties) = preSolution
		HideSolutionNode = FALSE
	EndGlobalSection
EndGlobal
